{
  "name": "dstaley.com",
  "version": "0.0.0",
  "lockfileVersion": 2,
  "requires": true,
  "packages": {
    "": {
      "name": "dstaley.com",
      "version": "0.0.0",
      "dependencies": {
        "@dstaley/zola-wasm": "^0.0.0-canary-20230102022318"
      }
    },
    "node_modules/@dstaley/zola-wasm": {
      "version": "0.0.0-canary-20230102022318",
      "resolved": "https://registry.npmjs.org/@dstaley/zola-wasm/-/zola-wasm-0.0.0-canary-20230102022318.tgz",
      "integrity": "sha512-hBvuGMU7WuGwcisUUyoXlyFAIkSE7f+cliUurq2fEwfI6VaQhX96ZTNdhEKbIGr3qPs4+EFovP71ireCelJ6EQ==",
      "engines": {
        "node": ">=16"
      }
    }
  },
  "dependencies": {
    "@dstaley/zola-wasm": {
      "version": "0.0.0-canary-20230102022318",
      "resolved": "https://registry.npmjs.org/@dstaley/zola-wasm/-/zola-wasm-0.0.0-canary-20230102022318.tgz",
      "integrity": "sha512-hBvuGMU7WuGwcisUUyoXlyFAIkSE7f+cliUurq2fEwfI6VaQhX96ZTNdhEKbIGr3qPs4+EFovP71ireCelJ6EQ=="
    }
  }
}
